
Microsoft Visual Studio Solution File, Format Version 12.00
# Visual Studio 15
VisualStudioVersion = 15.0.27703.2026
MinimumVisualStudioVersion = 10.0.40219.1
Project("{9A19103F-16F7-4668-BE54-9A1E7A4F7556}") = "XmasRush", "XmasRush\XmasRush.csproj", "{F93567BD-4364-40A7-862D-4B85C9037737}"
EndProject
Project("{FAE04EC0-301F-11D3-BF4B-00C04F79EFBC}") = "XmasRush.Tests", "XmasRush.Tests\XmasRush.Tests.csproj", "{D5E09EDE-8281-4864-8DAA-E395C4C8632A}"
EndProject
Global
	GlobalSection(SolutionConfigurationPlatforms) = preSolution
		Debug|Any CPU = Debug|Any CPU
		Release|Any CPU = Release|Any CPU
	EndGlobalSection
	GlobalSection(ProjectConfigurationPlatforms) = postSolution
		{F93567BD-4364-40A7-862D-4B85C9037737}.Debug|Any CPU.ActiveCfg = Debug|Any CPU
		{F93567BD-4364-40A7-862D-4B85C9037737}.Debug|Any CPU.Build.0 = Debug|Any CPU
		{F93567BD-4364-40A7-862D-4B85C9037737}.Release|Any CPU.ActiveCfg = Release|Any CPU
		{F93567BD-4364-40A7-862D-4B85C9037737}.Release|Any CPU.Build.0 = Release|Any CPU
		{D5E09EDE-8281-4864-8DAA-E395C4C8632A}.Debug|Any CPU.ActiveCfg = Debug|Any CPU
		{D5E09EDE-8281-4864-8DAA-E395C4C8632A}.Debug|Any CPU.Build.0 = Debug|Any CPU
		{D5E09EDE-8281-4864-8DAA-E395C4C8632A}.Release|Any CPU.ActiveCfg = Release|Any CPU
		{D5E09EDE-8281-4864-8DAA-E395C4C8632A}.Release|Any CPU.Build.0 = Release|Any CPU
	EndGlobalSection
	GlobalSection(SolutionProperties) = preSolution
		HideSolutionNode = FALSE
	EndGlobalSection
	GlobalSection(ExtensibilityGlobals) = postSolution
		SolutionGuid = {045DA5AE-D8A6-4B09-910A-7E87CBB53D55}
	EndGlobalSection
EndGlobal
